
Microsoft Visual Studio Solution File, Format Version 12.00
# Visual Studio Version 17
VisualStudioVersion = 17.3.32929.385
MinimumVisualStudioVersion = 10.0.40219.1
Project("{FAE04EC0-301F-11D3-BF4B-00C04F79EFBC}") = "Clase001", "Clase001.csproj", "{5B0078BA-49A3-48B2-8A64-8D62289A06C1}"
EndProject
Global
	GlobalSection(SolutionConfigurationPlatforms) = preSolution
		Debug|Any CPU = Debug|Any CPU
		Release|Any CPU = Release|Any CPU
	EndGlobalSection
	GlobalSection(ProjectConfigurationPlatforms) = postSolution
		{5B0078BA-49A3-48B2-8A64-8D62289A06C1}.Debug|Any CPU.ActiveCfg = Debug|Any CPU
		{5B0078BA-49A3-48B2-8A64-8D62289A06C1}.Debug|Any CPU.Build.0 = Debug|Any CPU
		{5B0078BA-49A3-48B2-8A64-8D62289A06C1}.Release|Any CPU.ActiveCfg = Release|Any CPU
		{5B0078BA-49A3-48B2-8A64-8D62289A06C1}.Release|Any CPU.Build.0 = Release|Any CPU
	EndGlobalSection
	GlobalSection(SolutionProperties) = preSolution
		HideSolutionNode = FALSE
	EndGlobalSection
	GlobalSection(ExtensibilityGlobals) = postSolution
		SolutionGuid = {5FB9B223-51D5-4F99-B672-842E5DDA3E7A}
	EndGlobalSection
EndGlobal
